{
  "version": 4,
  "terraform_version": "0.12.27",
  "serial": 6,
  "lineage": "ea0e2135-b03e-9e40-e986-4d77a6deb18d",
  "outputs": {},
  "resources": [
    {
      "mode": "managed",
      "type": "alicloud_instance",
      "name": "instance",
      "provider": "provider.alicloud",
      "instances": [
        {
          "schema_version": 0,
          "attributes": {
            "allocate_public_ip": null,
            "auto_release_time": "",
            "auto_renew_period": null,
            "availability_zone": "ap-southeast-5a",
            "credit_specification": "Standard",
            "data_disks": [],
            "deletion_protection": false,
            "description": "",
            "dry_run": false,
            "force_delete": null,
            "host_name": "iZk1a0hxd83alzuupc2mgiZ",
            "id": "i-k1a0hxd83alzuupc2mgi",
            "image_id": "centos_7_04_64_20G_alibase_201701015.vhd",
            "include_data_disks": null,
            "instance_charge_type": "PostPaid",
            "instance_name": "ecs_by_terraform",
            "instance_type": "ecs.t5-lc1m2.small",
            "internet_charge_type": "PayByTraffic",
            "internet_max_bandwidth_in": 200,
            "internet_max_bandwidth_out": 10,
            "io_optimized": null,
            "is_outdated": null,
            "key_name": "",
            "kms_encrypted_password": null,
            "kms_encryption_context": null,
            "password": "",
            "period": null,
            "period_unit": null,
            "private_ip": "172.16.7.68",
            "public_ip": "147.139.168.247",
            "renewal_status": null,
            "resource_group_id": "",
            "role_name": null,
            "security_enhancement_strategy": null,
            "security_groups": [
              "sg-k1aenui0u1p31bl2yrnw"
            ],
            "spot_price_limit": 0,
            "spot_strategy": "NoSpot",
            "status": "Running",
            "subnet_id": "vsw-k1a1jv25tl5enz4arz6tc",
            "system_disk_auto_snapshot_policy_id": "",
            "system_disk_category": "cloud_efficiency",
            "system_disk_size": 40,
            "tags": null,
            "timeouts": null,
            "user_data": null,
            "volume_tags": {},
            "vswitch_id": "vsw-k1a1jv25tl5enz4arz6tc"
          },
          "private": "eyJlMmJmYjczMC1lY2FhLTExZTYtOGY4OC0zNDM2M2JjN2M0YzAiOnsiY3JlYXRlIjo2MDAwMDAwMDAwMDAsImRlbGV0ZSI6MTIwMDAwMDAwMDAwMCwidXBkYXRlIjo2MDAwMDAwMDAwMDB9fQ==",
          "dependencies": [
            "alicloud_security_group.default",
            "alicloud_vpc.vpc",
            "alicloud_vswitch.vsw"
          ]
        }
      ]
    },
    {
      "mode": "managed",
      "type": "alicloud_security_group",
      "name": "default",
      "provider": "provider.alicloud",
      "instances": [
        {
          "schema_version": 0,
          "attributes": {
            "description": "",
            "id": "sg-k1aenui0u1p31bl2yrnw",
            "inner_access": true,
            "inner_access_policy": "Accept",
            "name": "terraform-test-sg",
            "resource_group_id": "",
            "security_group_type": "normal",
            "tags": null,
            "vpc_id": "vpc-k1axb7vtabpw3lz87y5m7"
          },
          "private": "bnVsbA==",
          "dependencies": [
            "alicloud_vpc.vpc"
          ]
        }
      ]
    },
    {
      "mode": "managed",
      "type": "alicloud_vpc",
      "name": "vpc",
      "provider": "provider.alicloud",
      "instances": [
        {
          "schema_version": 0,
          "attributes": {
            "cidr_block": "172.16.0.0/12",
            "description": "",
            "id": "vpc-k1axb7vtabpw3lz87y5m7",
            "name": "test_vpc_terraform",
            "resource_group_id": "rg-acfnykosbgbckiy",
            "route_table_id": "vtb-k1ak04h4ulsfs30z5w99t",
            "router_id": "vrt-k1ayboazqg8yqg4zgj10w",
            "router_table_id": "vtb-k1ak04h4ulsfs30z5w99t",
            "tags": null,
            "timeouts": null
          },
          "private": "eyJlMmJmYjczMC1lY2FhLTExZTYtOGY4OC0zNDM2M2JjN2M0YzAiOnsiY3JlYXRlIjo2MDAwMDAwMDAwMDAsImRlbGV0ZSI6NjAwMDAwMDAwMDAwfX0="
        }
      ]
    },
    {
      "mode": "managed",
      "type": "alicloud_vswitch",
      "name": "vsw",
      "provider": "provider.alicloud",
      "instances": [
        {
          "schema_version": 0,
          "attributes": {
            "availability_zone": "ap-southeast-5a",
            "cidr_block": "172.16.0.0/21",
            "description": "",
            "id": "vsw-k1a1jv25tl5enz4arz6tc",
            "name": "",
            "tags": null,
            "timeouts": null,
            "vpc_id": "vpc-k1axb7vtabpw3lz87y5m7"
          },
          "private": "eyJlMmJmYjczMC1lY2FhLTExZTYtOGY4OC0zNDM2M2JjN2M0YzAiOnsiY3JlYXRlIjo2MDAwMDAwMDAwMDAsImRlbGV0ZSI6NjAwMDAwMDAwMDAwfX0=",
          "dependencies": [
            "alicloud_vpc.vpc"
          ]
        }
      ]
    }
  ]
}
